{
  "nodes": {
    "home-manager": {
      "inputs": {
        "nixpkgs": "nixpkgs"
      },
      "locked": {
        "lastModified": 1605480595,
        "narHash": "sha256-4mMH9tbtXwv0XUBQejBrSWIu2Hro1/ZbXUtOMAzn5nk=",
        "owner": "nix-community",
        "repo": "home-manager",
        "rev": "9e01441c5c1111cfd6f1d021c742949760f29d4f",
        "type": "github"
      },
      "original": {
        "owner": "nix-community",
        "repo": "home-manager",
        "type": "github"
      }
    },
    "nixpkgs": {
      "locked": {
        "lastModified": 1605544632,
        "narHash": "sha256-xRtQABDLzD6tYaeA+1VLjk9rQJclyiTI2aa9xmPWkEs=",
        "owner": "NixOS",
        "repo": "nixpkgs",
        "rev": "a9a1423377ba23981361af583a648d00f44b74e6",
        "type": "github"
      },
      "original": {
        "id": "nixpkgs",
        "type": "indirect"
      }
    },
    "nixpkgs_2": {
      "locked": {
        "lastModified": 1605225031,
        "narHash": "sha256-W+7blIrccTCTyQCCE4aGn1cFrGIuTinN96GxZrJiojs=",
        "owner": "nixos",
        "repo": "nixpkgs",
        "rev": "2deeb58f49480f468adca6b08291322de4dbce6b",
        "type": "github"
      },
      "original": {
        "owner": "nixos",
        "ref": "nixos-unstable",
        "repo": "nixpkgs",
        "type": "github"
      }
    },
    "nur": {
      "locked": {
        "lastModified": 1605545843,
        "narHash": "sha256-XMQimiI6Lx6kFABeayrufWDA8mZ0mgW3PBFAya1Vc7g=",
        "owner": "nix-community",
        "repo": "NUR",
        "rev": "83750347b4ae92e4c8bf71a805ced5552a887d86",
        "type": "github"
      },
      "original": {
        "owner": "nix-community",
        "repo": "NUR",
        "type": "github"
      }
    },
    "root": {
      "inputs": {
        "home-manager": "home-manager",
        "nixpkgs": "nixpkgs_2",
        "nur": "nur"
      }
    }
  },
  "root": "root",
  "version": 7
}
